{
  "object": {
    "pins": [
      {
        "package": "IOCContainer",
        "repositoryURL": "https://github.com/mirekp/IOCContainer.git",
        "state": {
          "branch": null,
          "revision": "7e2df26923c97dfdb541ed7fde7f43d56d8f502c",
          "version": "1.0.0"
        }
      }
    ]
  },
  "version": 1
}
